// !$*UTF8*$!
{
	archiveVersion = 1;
	classes = {
	};
	objectVersion = 56;
	objects = {

/* Begin PBXBuildFile section */
		000000000000000000000013 /* CameraClient.swift in Sources */ = {isa = PBXBuildFile; fileRef = 000000000000000000000010 /* CameraClient.swift */; };
		000000000000000000000014 /* CameraPocketApp.swift in Sources */ = {isa = PBXBuildFile; fileRef = 000000000000000000000011 /* CameraPocketApp.swift */; };
		DAD9844C3067218A00267A99 /* samsungmobilelink_icon.jpg in Resources */ = {isa = PBXBuildFile; fileRef = DAD9844B3067218A00267A99 /* samsungmobilelink_icon.jpg */; };
/* End PBXBuildFile section */

/* Begin PBXFileReference section */
		000000000000000000000006 /* CameraPocket.app */ = {isa = PBXFileReference; explicitFileType = wrapper.application; includeInIndex = 0; path = CameraPocket.app; sourceTree = BUILT_PRODUCTS_DIR; };
		000000000000000000000010 /* CameraClient.swift */ = {isa = PBXFileReference; lastKnownFileType = sourcecode.swift; path = CameraClient.swift; sourceTree = "<group>"; };
		000000000000000000000011 /* CameraPocketApp.swift */ = {isa = PBXFileReference; lastKnownFileType = sourcecode.swift; path = CameraPocketApp.swift; sourceTree = "<group>"; };
		000000000000000000000012 /* Info.plist */ = {isa = PBXFileReference; lastKnownFileType = text.plist.xml; path = Info.plist; sourceTree = "<group>"; };
		DAC7746F30622C08007EF9DA /* explain.md */ = {isa = PBXFileReference; lastKnownFileType = net.daringfireball.markdown; path = explain.md; sourceTree = "<group>"; };
		DAC7747030622C09007EF9DA /* used.swift */ = {isa = PBXFileReference; lastKnownFileType = sourcecode.swift; path = used.swift; sourceTree = "<group>"; };
		DAD9844A3067211000267A99 /* File.txt */ = {isa = PBXFileReference; lastKnownFileType = text; path = File.txt; sourceTree = "<group>"; };
		DAD9844B3067218A00267A99 /* samsungmobilelink_icon.jpg */ = {isa = PBXFileReference; lastKnownFileType = image.jpeg; path = samsungmobilelink_icon.jpg; sourceTree = "<group>"; };
		DAD9844E306722A100267A99 /* Media.xcassets */ = {isa = PBXFileReference; lastKnownFileType = folder.assetcatalog; path = Media.xcassets; sourceTree = "<group>"; };
/* End PBXFileReference section */

/* Begin PBXFrameworksBuildPhase section */
		000000000000000000000008 /* Frameworks */ = {
			isa = PBXFrameworksBuildPhase;
			buildActionMask = 2147483647;
			files = (
			);
			runOnlyForDeploymentPostprocessing = 0;
		};
/* End PBXFrameworksBuildPhase section */

/* Begin PBXGroup section */
		000000000000000000000002 = {
			isa = PBXGroup;
			children = (
				DAD9844E306722A100267A99 /* Media.xcassets */,
				DAD9844A3067211000267A99 /* File.txt */,
				DAC7746F30622C08007EF9DA /* explain.md */,
				DAC7747030622C09007EF9DA /* used.swift */,
				000000000000000000000003 /* CameraPocket */,
				000000000000000000000004 /* Products */,
			);
			sourceTree = "<group>";
		};
		000000000000000000000003 /* CameraPocket */ = {
			isa = PBXGroup;
			children = (
				000000000000000000000010 /* CameraClient.swift */,
				000000000000000000000011 /* CameraPocketApp.swift */,
				000000000000000000000012 /* Info.plist */,
				DAD9844B3067218A00267A99 /* samsungmobilelink_icon.jpg */,
			);
			path = CameraPocket;
			sourceTree = "<group>";
		};
		000000000000000000000004 /* Products */ = {
			isa = PBXGroup;
			children = (
				000000000000000000000006 /* CameraPocket.app */,
			);
			name = Products;
			sourceTree = "<group>";
		};
/* End PBXGroup section */

/* Begin PBXNativeTarget section */
		000000000000000000000005 /* CameraPocket */ = {
			isa = PBXNativeTarget;
			buildConfigurationList = 00000000000000000000000B /* Build configuration list for PBXNativeTarget "CameraPocket" */;
			buildPhases = (
				000000000000000000000007 /* Sources */,
				000000000000000000000008 /* Frameworks */,
				000000000000000000000009 /* Resources */,
			);
			buildRules = (
			);
			dependencies = (
			);
			name = CameraPocket;
			productName = CameraPocket;
			productReference = 000000000000000000000006 /* CameraPocket.app */;
			productType = "com.apple.product-type.application";
		};
/* End PBXNativeTarget section */

/* Begin PBXProject section */
		000000000000000000000001 /* Project object */ = {
			isa = PBXProject;
			attributes = {
				LastUpgradeCheck = 2630;
			};
			buildConfigurationList = 00000000000000000000000A /* Build configuration list for PBXProject "CameraPocket" */;
			compatibilityVersion = "Xcode 14.0";
			developmentRegion = en;
			hasScannedForEncodings = 0;
			knownRegions = (
				en,
				Base,
			);
			mainGroup = 000000000000000000000002;
			productRefGroup = 000000000000000000000004 /* Products */;
			projectDirPath = "";
			projectRoot = "";
			targets = (
				000000000000000000000005 /* CameraPocket */,
			);
		};
/* End PBXProject section */

/* Begin PBXResourcesBuildPhase section */
		000000000000000000000009 /* Resources */ = {
			isa = PBXResourcesBuildPhase;
			buildActionMask = 2147483647;
			files = (
				DAD9844C3067218A00267A99 /* samsungmobilelink_icon.jpg in Resources */,
			);
			runOnlyForDeploymentPostprocessing = 0;
		};
/* End PBXResourcesBuildPhase section */

/* Begin PBXSourcesBuildPhase section */
		000000000000000000000007 /* Sources */ = {
			isa = PBXSourcesBuildPhase;
			buildActionMask = 2147483647;
			files = (
				000000000000000000000013 /* CameraClient.swift in Sources */,
				000000000000000000000014 /* CameraPocketApp.swift in Sources */,
			);
			runOnlyForDeploymentPostprocessing = 0;
		};
/* End PBXSourcesBuildPhase section */

/* Begin XCBuildConfiguration section */
		00000000000000000000000C /* Debug */ = {
			isa = XCBuildConfiguration;
			buildSettings = {
				CLANG_ENABLE_MODULES = YES;
				IPHONEOS_DEPLOYMENT_TARGET = 17.0;
				SDKROOT = iphoneos;
				SWIFT_OPTIMIZATION_LEVEL = "-Onone";
				SWIFT_VERSION = 5.0;
			};
			name = Debug;
		};
		00000000000000000000000D /* Release */ = {
			isa = XCBuildConfiguration;
			buildSettings = {
				CLANG_ENABLE_MODULES = YES;
				IPHONEOS_DEPLOYMENT_TARGET = 17.0;
				SDKROOT = iphoneos;
				SWIFT_OPTIMIZATION_LEVEL = "-O";
				SWIFT_VERSION = 5.0;
			};
			name = Release;
		};
		00000000000000000000000E /* Debug */ = {
			isa = XCBuildConfiguration;
			buildSettings = {
				ASSETCATALOG_COMPILER_APPICON_NAME = "";
				ASSETCATALOG_COMPILER_INCLUDE_ALL_APPICON_ASSETS = YES;
				CODE_SIGN_STYLE = Automatic;
				CURRENT_PROJECT_VERSION = 1;
				DEVELOPMENT_TEAM = 7TBSDZT7Y2;
				GENERATE_INFOPLIST_FILE = NO;
				INFOPLIST_FILE = CameraPocket/Info.plist;
				MARKETING_VERSION = 1.0;
				PRODUCT_BUNDLE_IDENTIFIER = com.terencelau.CameraPocket1;
				PRODUCT_NAME = "$(TARGET_NAME)";
				SUPPORTED_PLATFORMS = "iphoneos iphonesimulator";
				SWIFT_EMIT_LOC_STRINGS = YES;
				TARGETED_DEVICE_FAMILY = "1,2";
			};
			name = Debug;
		};
		00000000000000000000000F /* Release */ = {
			isa = XCBuildConfiguration;
			buildSettings = {
				ASSETCATALOG_COMPILER_APPICON_NAME = "";
				ASSETCATALOG_COMPILER_INCLUDE_ALL_APPICON_ASSETS = YES;
				CODE_SIGN_STYLE = Automatic;
				CURRENT_PROJECT_VERSION = 1;
				DEVELOPMENT_TEAM = 7TBSDZT7Y2;
				GENERATE_INFOPLIST_FILE = NO;
				INFOPLIST_FILE = CameraPocket/Info.plist;
				MARKETING_VERSION = 1.0;
				PRODUCT_BUNDLE_IDENTIFIER = com.terencelau.CameraPocket1;
				PRODUCT_NAME = "$(TARGET_NAME)";
				SUPPORTED_PLATFORMS = "iphoneos iphonesimulator";
				SWIFT_EMIT_LOC_STRINGS = YES;
				TARGETED_DEVICE_FAMILY = "1,2";
			};
			name = Release;
		};
/* End XCBuildConfiguration section */

/* Begin XCConfigurationList section */
		00000000000000000000000A /* Build configuration list for PBXProject "CameraPocket" */ = {
			isa = XCConfigurationList;
			buildConfigurations = (
				00000000000000000000000C /* Debug */,
				00000000000000000000000D /* Release */,
			);
			defaultConfigurationIsVisible = 0;
			defaultConfigurationName = Release;
		};
		00000000000000000000000B /* Build configuration list for PBXNativeTarget "CameraPocket" */ = {
			isa = XCConfigurationList;
			buildConfigurations = (
				00000000000000000000000E /* Debug */,
				00000000000000000000000F /* Release */,
			);
			defaultConfigurationIsVisible = 0;
			defaultConfigurationName = Release;
		};
/* End XCConfigurationList section */
	};
	rootObject = 000000000000000000000001 /* Project object */;
}
